// !$*UTF8*$!
{
	archiveVersion = 1;
	classes = {
	};
	objectVersion = 55;
	objects = {

/* Begin PBXBuildFile section */
		8F05A38B28815563008DEEA6 /* ChartDataModel.swift in Sources */ = {isa = PBXBuildFile; fileRef = 8F05A38A28815563008DEEA6 /* ChartDataModel.swift */; };
		8F9B613A28801DCE00C44E81 /* nanotoolApp.swift in Sources */ = {isa = PBXBuildFile; fileRef = 8F9B613928801DCE00C44E81 /* nanotoolApp.swift */; };
		8F9B613C28801DCE00C44E81 /* ContentView.swift in Sources */ = {isa = PBXBuildFile; fileRef = 8F9B613B28801DCE00C44E81 /* ContentView.swift */; };
		8F9B613E28801DCF00C44E81 /* Assets.xcassets in Resources */ = {isa = PBXBuildFile; fileRef = 8F9B613D28801DCF00C44E81 /* Assets.xcassets */; };
		8F9B614128801DCF00C44E81 /* Preview Assets.xcassets in Resources */ = {isa = PBXBuildFile; fileRef = 8F9B614028801DCF00C44E81 /* Preview Assets.xcassets */; };
		8F9B615228801E4500C44E81 /* TaskConditionView.swift in Sources */ = {isa = PBXBuildFile; fileRef = 8F9B615128801E4500C44E81 /* TaskConditionView.swift */; };
		8F9B615628801E6700C44E81 /* SensorButtonView.swift in Sources */ = {isa = PBXBuildFile; fileRef = 8F9B615528801E6700C44E81 /* SensorButtonView.swift */; };
		8F9B615828801E8F00C44E81 /* RelayButtonView.swift in Sources */ = {isa = PBXBuildFile; fileRef = 8F9B615728801E8F00C44E81 /* RelayButtonView.swift */; };
		8F9B616028801EB200C44E81 /* SensorView.swift in Sources */ = {isa = PBXBuildFile; fileRef = 8F9B615A28801EB200C44E81 /* SensorView.swift */; };
		8F9B616128801EB200C44E81 /* SettingsView.swift in Sources */ = {isa = PBXBuildFile; fileRef = 8F9B615B28801EB200C44E81 /* SettingsView.swift */; };
		8F9B616328801EB200C44E81 /* AutomatedTasksView.swift in Sources */ = {isa = PBXBuildFile; fileRef = 8F9B615D28801EB200C44E81 /* AutomatedTasksView.swift */; };
		8F9B616428801EB200C44E81 /* DataChartView.swift in Sources */ = {isa = PBXBuildFile; fileRef = 8F9B615E28801EB200C44E81 /* DataChartView.swift */; };
		8F9B616528801EB200C44E81 /* RelayView.swift in Sources */ = {isa = PBXBuildFile; fileRef = 8F9B615F28801EB200C44E81 /* RelayView.swift */; };
		8F9B616D28801ECD00C44E81 /* WidgetKit.framework in Frameworks */ = {isa = PBXBuildFile; fileRef = 8F9B616C28801ECD00C44E81 /* WidgetKit.framework */; };
		8F9B616F28801ECD00C44E81 /* SwiftUI.framework in Frameworks */ = {isa = PBXBuildFile; fileRef = 8F9B616E28801ECD00C44E81 /* SwiftUI.framework */; };
		8F9B617228801ECD00C44E81 /* ChartWidget.swift in Sources */ = {isa = PBXBuildFile; fileRef = 8F9B617128801ECD00C44E81 /* ChartWidget.swift */; };
		8F9B617528801ECE00C44E81 /* Assets.xcassets in Resources */ = {isa = PBXBuildFile; fileRef = 8F9B617428801ECE00C44E81 /* Assets.xcassets */; };
		8F9B617B28801ECE00C44E81 /* ChartWidgetExtension.appex in Embed Foundation Extensions */ = {isa = PBXBuildFile; fileRef = 8F9B616A28801ECD00C44E81 /* ChartWidgetExtension.appex */; platformFilter = ios; settings = {ATTRIBUTES = (RemoveHeadersOnCopy, ); }; };
		8F9B618028801ED900C44E81 /* ChartWidgetView.swift in Sources */ = {isa = PBXBuildFile; fileRef = 8F9B615C28801EB200C44E81 /* ChartWidgetView.swift */; };
		8F9B618628801EFE00C44E81 /* NanotoolModel.swift in Sources */ = {isa = PBXBuildFile; fileRef = 8F9B618228801EFE00C44E81 /* NanotoolModel.swift */; };
		8F9B618728801EFE00C44E81 /* ChartViewModel.swift in Sources */ = {isa = PBXBuildFile; fileRef = 8F9B618328801EFE00C44E81 /* ChartViewModel.swift */; };
		8F9B618828801EFE00C44E81 /* SensorValueArc.swift in Sources */ = {isa = PBXBuildFile; fileRef = 8F9B618428801EFE00C44E81 /* SensorValueArc.swift */; };
		8F9B618928801EFE00C44E81 /* AutomatedTasksModel.swift in Sources */ = {isa = PBXBuildFile; fileRef = 8F9B618528801EFE00C44E81 /* AutomatedTasksModel.swift */; };
		8F9B618A28801F0500C44E81 /* ChartViewModel.swift in Sources */ = {isa = PBXBuildFile; fileRef = 8F9B618328801EFE00C44E81 /* ChartViewModel.swift */; };
		8F9B618B28801F0800C44E81 /* AutomatedTasksModel.swift in Sources */ = {isa = PBXBuildFile; fileRef = 8F9B618528801EFE00C44E81 /* AutomatedTasksModel.swift */; };
		8F9B618C28801F0A00C44E81 /* NanotoolModel.swift in Sources */ = {isa = PBXBuildFile; fileRef = 8F9B618228801EFE00C44E81 /* NanotoolModel.swift */; };
		8F9B618E2880210B00C44E81 /* ChartWidgetIntents.intentdefinition in Sources */ = {isa = PBXBuildFile; fileRef = 8F9B618D2880210B00C44E81 /* ChartWidgetIntents.intentdefinition */; };
		8F9B61DA288023D500C44E81 /* ChartWidgetIntents.intentdefinition in Sources */ = {isa = PBXBuildFile; fileRef = 8F9B618D2880210B00C44E81 /* ChartWidgetIntents.intentdefinition */; };
/* End PBXBuildFile section */

/* Begin PBXContainerItemProxy section */
		8F9B617928801ECE00C44E81 /* PBXContainerItemProxy */ = {
			isa = PBXContainerItemProxy;
			containerPortal = 8F9B612E28801DCD00C44E81 /* Project object */;
			proxyType = 1;
			remoteGlobalIDString = 8F9B616928801ECD00C44E81;
			remoteInfo = ChartWidgetExtension;
		};
/* End PBXContainerItemProxy section */

/* Begin PBXCopyFilesBuildPhase section */
		8F9B617F28801ECE00C44E81 /* Embed Foundation Extensions */ = {
			isa = PBXCopyFilesBuildPhase;
			buildActionMask = 2147483647;
			dstPath = "";
			dstSubfolderSpec = 13;
			files = (
				8F9B617B28801ECE00C44E81 /* ChartWidgetExtension.appex in Embed Foundation Extensions */,
			);
			name = "Embed Foundation Extensions";
			runOnlyForDeploymentPostprocessing = 0;
		};
/* End PBXCopyFilesBuildPhase section */

/* Begin PBXFileReference section */
		8F05A3882881513A008DEEA6 /* nanotool.entitlements */ = {isa = PBXFileReference; lastKnownFileType = text.plist.entitlements; path = nanotool.entitlements; sourceTree = "<group>"; };
		8F05A3892881513A008DEEA6 /* ChartWidgetExtension.entitlements */ = {isa = PBXFileReference; lastKnownFileType = text.plist.entitlements; path = ChartWidgetExtension.entitlements; sourceTree = "<group>"; };
		8F05A38A28815563008DEEA6 /* ChartDataModel.swift */ = {isa = PBXFileReference; lastKnownFileType = sourcecode.swift; path = ChartDataModel.swift; sourceTree = "<group>"; };
		8F9B613628801DCE00C44E81 /* nanotool.app */ = {isa = PBXFileReference; explicitFileType = wrapper.application; includeInIndex = 0; path = nanotool.app; sourceTree = BUILT_PRODUCTS_DIR; };
		8F9B613928801DCE00C44E81 /* nanotoolApp.swift */ = {isa = PBXFileReference; lastKnownFileType = sourcecode.swift; path = nanotoolApp.swift; sourceTree = "<group>"; };
		8F9B613B28801DCE00C44E81 /* ContentView.swift */ = {isa = PBXFileReference; lastKnownFileType = sourcecode.swift; path = ContentView.swift; sourceTree = "<group>"; };
		8F9B613D28801DCF00C44E81 /* Assets.xcassets */ = {isa = PBXFileReference; lastKnownFileType = folder.assetcatalog; path = Assets.xcassets; sourceTree = "<group>"; };
		8F9B614028801DCF00C44E81 /* Preview Assets.xcassets */ = {isa = PBXFileReference; lastKnownFileType = folder.assetcatalog; path = "Preview Assets.xcassets"; sourceTree = "<group>"; };
		8F9B615128801E4500C44E81 /* TaskConditionView.swift */ = {isa = PBXFileReference; lastKnownFileType = sourcecode.swift; path = TaskConditionView.swift; sourceTree = "<group>"; };
		8F9B615528801E6700C44E81 /* SensorButtonView.swift */ = {isa = PBXFileReference; lastKnownFileType = sourcecode.swift; path = SensorButtonView.swift; sourceTree = "<group>"; };
		8F9B615728801E8F00C44E81 /* RelayButtonView.swift */ = {isa = PBXFileReference; lastKnownFileType = sourcecode.swift; path = RelayButtonView.swift; sourceTree = "<group>"; };
		8F9B615A28801EB200C44E81 /* SensorView.swift */ = {isa = PBXFileReference; fileEncoding = 4; lastKnownFileType = sourcecode.swift; path = SensorView.swift; sourceTree = "<group>"; };
		8F9B615B28801EB200C44E81 /* SettingsView.swift */ = {isa = PBXFileReference; fileEncoding = 4; lastKnownFileType = sourcecode.swift; path = SettingsView.swift; sourceTree = "<group>"; };
		8F9B615C28801EB200C44E81 /* ChartWidgetView.swift */ = {isa = PBXFileReference; fileEncoding = 4; lastKnownFileType = sourcecode.swift; path = ChartWidgetView.swift; sourceTree = "<group>"; };
		8F9B615D28801EB200C44E81 /* AutomatedTasksView.swift */ = {isa = PBXFileReference; fileEncoding = 4; lastKnownFileType = sourcecode.swift; path = AutomatedTasksView.swift; sourceTree = "<group>"; };
		8F9B615E28801EB200C44E81 /* DataChartView.swift */ = {isa = PBXFileReference; fileEncoding = 4; lastKnownFileType = sourcecode.swift; path = DataChartView.swift; sourceTree = "<group>"; };
		8F9B615F28801EB200C44E81 /* RelayView.swift */ = {isa = PBXFileReference; fileEncoding = 4; lastKnownFileType = sourcecode.swift; path = RelayView.swift; sourceTree = "<group>"; };
		8F9B616A28801ECD00C44E81 /* ChartWidgetExtension.appex */ = {isa = PBXFileReference; explicitFileType = "wrapper.app-extension"; includeInIndex = 0; path = ChartWidgetExtension.appex; sourceTree = BUILT_PRODUCTS_DIR; };
		8F9B616C28801ECD00C44E81 /* WidgetKit.framework */ = {isa = PBXFileReference; lastKnownFileType = wrapper.framework; name = WidgetKit.framework; path = System/Library/Frameworks/WidgetKit.framework; sourceTree = SDKROOT; };
		8F9B616E28801ECD00C44E81 /* SwiftUI.framework */ = {isa = PBXFileReference; lastKnownFileType = wrapper.framework; name = SwiftUI.framework; path = System/Library/Frameworks/SwiftUI.framework; sourceTree = SDKROOT; };
		8F9B617128801ECD00C44E81 /* ChartWidget.swift */ = {isa = PBXFileReference; lastKnownFileType = sourcecode.swift; path = ChartWidget.swift; sourceTree = "<group>"; };
		8F9B617428801ECE00C44E81 /* Assets.xcassets */ = {isa = PBXFileReference; lastKnownFileType = folder.assetcatalog; path = Assets.xcassets; sourceTree = "<group>"; };
		8F9B617628801ECE00C44E81 /* Info.plist */ = {isa = PBXFileReference; lastKnownFileType = text.plist.xml; path = Info.plist; sourceTree = "<group>"; };
		8F9B618228801EFE00C44E81 /* NanotoolModel.swift */ = {isa = PBXFileReference; fileEncoding = 4; lastKnownFileType = sourcecode.swift; path = NanotoolModel.swift; sourceTree = "<group>"; };
		8F9B618328801EFE00C44E81 /* ChartViewModel.swift */ = {isa = PBXFileReference; fileEncoding = 4; lastKnownFileType = sourcecode.swift; path = ChartViewModel.swift; sourceTree = "<group>"; };
		8F9B618428801EFE00C44E81 /* SensorValueArc.swift */ = {isa = PBXFileReference; fileEncoding = 4; lastKnownFileType = sourcecode.swift; path = SensorValueArc.swift; sourceTree = "<group>"; };
		8F9B618528801EFE00C44E81 /* AutomatedTasksModel.swift */ = {isa = PBXFileReference; fileEncoding = 4; lastKnownFileType = sourcecode.swift; path = AutomatedTasksModel.swift; sourceTree = "<group>"; };
		8F9B618D2880210B00C44E81 /* ChartWidgetIntents.intentdefinition */ = {isa = PBXFileReference; lastKnownFileType = file.intentdefinition; path = ChartWidgetIntents.intentdefinition; sourceTree = "<group>"; };
		8F9B618F2880221300C44E81 /* Info.plist */ = {isa = PBXFileReference; lastKnownFileType = text.plist; path = Info.plist; sourceTree = "<group>"; };
		8F9B61952880230B00C44E81 /* Intents.framework */ = {isa = PBXFileReference; lastKnownFileType = wrapper.framework; name = Intents.framework; path = System/Library/Frameworks/Intents.framework; sourceTree = SDKROOT; };
		8F9B61A02880230B00C44E81 /* IntentsUI.framework */ = {isa = PBXFileReference; lastKnownFileType = wrapper.framework; name = IntentsUI.framework; path = System/Library/Frameworks/IntentsUI.framework; sourceTree = SDKROOT; };
/* End PBXFileReference section */

/* Begin PBXFrameworksBuildPhase section */
		8F9B613328801DCE00C44E81 /* Frameworks */ = {
			isa = PBXFrameworksBuildPhase;
			buildActionMask = 2147483647;
			files = (
			);
			runOnlyForDeploymentPostprocessing = 0;
		};
		8F9B616728801ECD00C44E81 /* Frameworks */ = {
			isa = PBXFrameworksBuildPhase;
			buildActionMask = 2147483647;
			files = (
				8F9B616F28801ECD00C44E81 /* SwiftUI.framework in Frameworks */,
				8F9B616D28801ECD00C44E81 /* WidgetKit.framework in Frameworks */,
			);
			runOnlyForDeploymentPostprocessing = 0;
		};
/* End PBXFrameworksBuildPhase section */

/* Begin PBXGroup section */
		8F9B612D28801DCD00C44E81 = {
			isa = PBXGroup;
			children = (
				8F05A3892881513A008DEEA6 /* ChartWidgetExtension.entitlements */,
				8F9B613828801DCE00C44E81 /* nanotool */,
				8F9B617028801ECD00C44E81 /* ChartWidget */,
				8F9B616B28801ECD00C44E81 /* Frameworks */,
				8F9B613728801DCE00C44E81 /* Products */,
			);
			sourceTree = "<group>";
		};
		8F9B613728801DCE00C44E81 /* Products */ = {
			isa = PBXGroup;
			children = (
				8F9B613628801DCE00C44E81 /* nanotool.app */,
				8F9B616A28801ECD00C44E81 /* ChartWidgetExtension.appex */,
			);
			name = Products;
			sourceTree = "<group>";
		};
		8F9B613828801DCE00C44E81 /* nanotool */ = {
			isa = PBXGroup;
			children = (
				8F05A3882881513A008DEEA6 /* nanotool.entitlements */,
				8F9B618F2880221300C44E81 /* Info.plist */,
				8F9B613928801DCE00C44E81 /* nanotoolApp.swift */,
				8F9B613B28801DCE00C44E81 /* ContentView.swift */,
				8F9B615928801E9D00C44E81 /* Main Views */,
				8F9B615328801E4A00C44E81 /* Helper Views */,
				8F9B618128801EF100C44E81 /* Models */,
				8F9B613D28801DCF00C44E81 /* Assets.xcassets */,
				8F9B613F28801DCF00C44E81 /* Preview Content */,
			);
			path = nanotool;
			sourceTree = "<group>";
		};
		8F9B613F28801DCF00C44E81 /* Preview Content */ = {
			isa = PBXGroup;
			children = (
				8F9B614028801DCF00C44E81 /* Preview Assets.xcassets */,
			);
			path = "Preview Content";
			sourceTree = "<group>";
		};
		8F9B615328801E4A00C44E81 /* Helper Views */ = {
			isa = PBXGroup;
			children = (
				8F9B615128801E4500C44E81 /* TaskConditionView.swift */,
				8F9B615428801E5500C44E81 /* Navigation */,
			);
			path = "Helper Views";
			sourceTree = "<group>";
		};
		8F9B615428801E5500C44E81 /* Navigation */ = {
			isa = PBXGroup;
			children = (
				8F9B615528801E6700C44E81 /* SensorButtonView.swift */,
				8F9B615728801E8F00C44E81 /* RelayButtonView.swift */,
			);
			path = Navigation;
			sourceTree = "<group>";
		};
		8F9B615928801E9D00C44E81 /* Main Views */ = {
			isa = PBXGroup;
			children = (
				8F9B615D28801EB200C44E81 /* AutomatedTasksView.swift */,
				8F9B615E28801EB200C44E81 /* DataChartView.swift */,
				8F05A38A28815563008DEEA6 /* ChartDataModel.swift */,
				8F9B615F28801EB200C44E81 /* RelayView.swift */,
				8F9B615A28801EB200C44E81 /* SensorView.swift */,
				8F9B615B28801EB200C44E81 /* SettingsView.swift */,
			);
			path = "Main Views";
			sourceTree = "<group>";
		};
		8F9B616B28801ECD00C44E81 /* Frameworks */ = {
			isa = PBXGroup;
			children = (
				8F9B616C28801ECD00C44E81 /* WidgetKit.framework */,
				8F9B616E28801ECD00C44E81 /* SwiftUI.framework */,
				8F9B61952880230B00C44E81 /* Intents.framework */,
				8F9B61A02880230B00C44E81 /* IntentsUI.framework */,
			);
			name = Frameworks;
			sourceTree = "<group>";
		};
		8F9B617028801ECD00C44E81 /* ChartWidget */ = {
			isa = PBXGroup;
			children = (
				8F9B615C28801EB200C44E81 /* ChartWidgetView.swift */,
				8F9B617128801ECD00C44E81 /* ChartWidget.swift */,
				8F9B618D2880210B00C44E81 /* ChartWidgetIntents.intentdefinition */,
				8F9B617428801ECE00C44E81 /* Assets.xcassets */,
				8F9B617628801ECE00C44E81 /* Info.plist */,
			);
			path = ChartWidget;
			sourceTree = "<group>";
		};
		8F9B618128801EF100C44E81 /* Models */ = {
			isa = PBXGroup;
			children = (
				8F9B618528801EFE00C44E81 /* AutomatedTasksModel.swift */,
				8F9B618328801EFE00C44E81 /* ChartViewModel.swift */,
				8F9B618228801EFE00C44E81 /* NanotoolModel.swift */,
				8F9B618428801EFE00C44E81 /* SensorValueArc.swift */,
			);
			path = Models;
			sourceTree = "<group>";
		};
/* End PBXGroup section */

/* Begin PBXNativeTarget section */
		8F9B613528801DCE00C44E81 /* nanotool */ = {
			isa = PBXNativeTarget;
			buildConfigurationList = 8F9B614428801DCF00C44E81 /* Build configuration list for PBXNativeTarget "nanotool" */;
			buildPhases = (
				8F9B613228801DCE00C44E81 /* Sources */,
				8F9B613328801DCE00C44E81 /* Frameworks */,
				8F9B613428801DCE00C44E81 /* Resources */,
				8F9B617F28801ECE00C44E81 /* Embed Foundation Extensions */,
			);
			buildRules = (
			);
			dependencies = (
				8F9B617A28801ECE00C44E81 /* PBXTargetDependency */,
			);
			name = nanotool;
			productName = nanotool;
			productReference = 8F9B613628801DCE00C44E81 /* nanotool.app */;
			productType = "com.apple.product-type.application";
		};
		8F9B616928801ECD00C44E81 /* ChartWidgetExtension */ = {
			isa = PBXNativeTarget;
			buildConfigurationList = 8F9B617C28801ECE00C44E81 /* Build configuration list for PBXNativeTarget "ChartWidgetExtension" */;
			buildPhases = (
				8F9B616628801ECD00C44E81 /* Sources */,
				8F9B616728801ECD00C44E81 /* Frameworks */,
				8F9B616828801ECD00C44E81 /* Resources */,
			);
			buildRules = (
			);
			dependencies = (
			);
			name = ChartWidgetExtension;
			productName = ChartWidgetExtension;
			productReference = 8F9B616A28801ECD00C44E81 /* ChartWidgetExtension.appex */;
			productType = "com.apple.product-type.app-extension";
		};
/* End PBXNativeTarget section */

/* Begin PBXProject section */
		8F9B612E28801DCD00C44E81 /* Project object */ = {
			isa = PBXProject;
			attributes = {
				BuildIndependentTargetsInParallel = 1;
				LastSwiftUpdateCheck = 1400;
				LastUpgradeCheck = 1400;
				TargetAttributes = {
					8F9B613528801DCE00C44E81 = {
						CreatedOnToolsVersion = 14.0;
					};
					8F9B616928801ECD00C44E81 = {
						CreatedOnToolsVersion = 14.0;
					};
				};
			};
			buildConfigurationList = 8F9B613128801DCD00C44E81 /* Build configuration list for PBXProject "nanotool" */;
			compatibilityVersion = "Xcode 13.0";
			developmentRegion = en;
			hasScannedForEncodings = 0;
			knownRegions = (
				en,
				Base,
			);
			mainGroup = 8F9B612D28801DCD00C44E81;
			productRefGroup = 8F9B613728801DCE00C44E81 /* Products */;
			projectDirPath = "";
			projectRoot = "";
			targets = (
				8F9B613528801DCE00C44E81 /* nanotool */,
				8F9B616928801ECD00C44E81 /* ChartWidgetExtension */,
			);
		};
/* End PBXProject section */

/* Begin PBXResourcesBuildPhase section */
		8F9B613428801DCE00C44E81 /* Resources */ = {
			isa = PBXResourcesBuildPhase;
			buildActionMask = 2147483647;
			files = (
				8F9B614128801DCF00C44E81 /* Preview Assets.xcassets in Resources */,
				8F9B613E28801DCF00C44E81 /* Assets.xcassets in Resources */,
			);
			runOnlyForDeploymentPostprocessing = 0;
		};
		8F9B616828801ECD00C44E81 /* Resources */ = {
			isa = PBXResourcesBuildPhase;
			buildActionMask = 2147483647;
			files = (
				8F9B617528801ECE00C44E81 /* Assets.xcassets in Resources */,
			);
			runOnlyForDeploymentPostprocessing = 0;
		};
/* End PBXResourcesBuildPhase section */

/* Begin PBXSourcesBuildPhase section */
		8F9B613228801DCE00C44E81 /* Sources */ = {
			isa = PBXSourcesBuildPhase;
			buildActionMask = 2147483647;
			files = (
				8F9B616128801EB200C44E81 /* SettingsView.swift in Sources */,
				8F9B613C28801DCE00C44E81 /* ContentView.swift in Sources */,
				8F9B615228801E4500C44E81 /* TaskConditionView.swift in Sources */,
				8F9B616328801EB200C44E81 /* AutomatedTasksView.swift in Sources */,
				8F9B616528801EB200C44E81 /* RelayView.swift in Sources */,
				8F9B618628801EFE00C44E81 /* NanotoolModel.swift in Sources */,
				8F9B616028801EB200C44E81 /* SensorView.swift in Sources */,
				8F9B615628801E6700C44E81 /* SensorButtonView.swift in Sources */,
				8F9B618828801EFE00C44E81 /* SensorValueArc.swift in Sources */,
				8F9B616428801EB200C44E81 /* DataChartView.swift in Sources */,
				8F9B613A28801DCE00C44E81 /* nanotoolApp.swift in Sources */,
				8F9B618928801EFE00C44E81 /* AutomatedTasksModel.swift in Sources */,
				8F05A38B28815563008DEEA6 /* ChartDataModel.swift in Sources */,
				8F9B615828801E8F00C44E81 /* RelayButtonView.swift in Sources */,
				8F9B618728801EFE00C44E81 /* ChartViewModel.swift in Sources */,
				8F9B618E2880210B00C44E81 /* ChartWidgetIntents.intentdefinition in Sources */,
			);
			runOnlyForDeploymentPostprocessing = 0;
		};
		8F9B616628801ECD00C44E81 /* Sources */ = {
			isa = PBXSourcesBuildPhase;
			buildActionMask = 2147483647;
			files = (
				8F9B61DA288023D500C44E81 /* ChartWidgetIntents.intentdefinition in Sources */,
				8F9B617228801ECD00C44E81 /* ChartWidget.swift in Sources */,
				8F9B618B28801F0800C44E81 /* AutomatedTasksModel.swift in Sources */,
				8F9B618A28801F0500C44E81 /* ChartViewModel.swift in Sources */,
				8F9B618028801ED900C44E81 /* ChartWidgetView.swift in Sources */,
				8F9B618C28801F0A00C44E81 /* NanotoolModel.swift in Sources */,
			);
			runOnlyForDeploymentPostprocessing = 0;
		};
/* End PBXSourcesBuildPhase section */

/* Begin PBXTargetDependency section */
		8F9B617A28801ECE00C44E81 /* PBXTargetDependency */ = {
			isa = PBXTargetDependency;
			platformFilter = ios;
			target = 8F9B616928801ECD00C44E81 /* ChartWidgetExtension */;
			targetProxy = 8F9B617928801ECE00C44E81 /* PBXContainerItemProxy */;
		};
/* End PBXTargetDependency section */

/* Begin XCBuildConfiguration section */
		8F9B614228801DCF00C44E81 /* Debug */ = {
			isa = XCBuildConfiguration;
			buildSettings = {
				ALWAYS_SEARCH_USER_PATHS = NO;
				CLANG_ANALYZER_NONNULL = YES;
				CLANG_ANALYZER_NUMBER_OBJECT_CONVERSION = YES_AGGRESSIVE;
				CLANG_CXX_LANGUAGE_STANDARD = "gnu++17";
				CLANG_ENABLE_MODULES = YES;
				CLANG_ENABLE_OBJC_ARC = YES;
				CLANG_ENABLE_OBJC_WEAK = YES;
				CLANG_WARN_BLOCK_CAPTURE_AUTORELEASING = YES;
				CLANG_WARN_BOOL_CONVERSION = YES;
				CLANG_WARN_COMMA = YES;
				CLANG_WARN_CONSTANT_CONVERSION = YES;
				CLANG_WARN_DEPRECATED_OBJC_IMPLEMENTATIONS = YES;
				CLANG_WARN_DIRECT_OBJC_ISA_USAGE = YES_ERROR;
				CLANG_WARN_DOCUMENTATION_COMMENTS = YES;
				CLANG_WARN_EMPTY_BODY = YES;
				CLANG_WARN_ENUM_CONVERSION = YES;
				CLANG_WARN_INFINITE_RECURSION = YES;
				CLANG_WARN_INT_CONVERSION = YES;
				CLANG_WARN_NON_LITERAL_NULL_CONVERSION = YES;
				CLANG_WARN_OBJC_IMPLICIT_RETAIN_SELF = YES;
				CLANG_WARN_OBJC_LITERAL_CONVERSION = YES;
				CLANG_WARN_OBJC_ROOT_CLASS = YES_ERROR;
				CLANG_WARN_QUOTED_INCLUDE_IN_FRAMEWORK_HEADER = YES;
				CLANG_WARN_RANGE_LOOP_ANALYSIS = YES;
				CLANG_WARN_STRICT_PROTOTYPES = YES;
				CLANG_WARN_SUSPICIOUS_MOVE = YES;
				CLANG_WARN_UNGUARDED_AVAILABILITY = YES_AGGRESSIVE;
				CLANG_WARN_UNREACHABLE_CODE = YES;
				CLANG_WARN__DUPLICATE_METHOD_MATCH = YES;
				COPY_PHASE_STRIP = NO;
				DEBUG_INFORMATION_FORMAT = dwarf;
				ENABLE_STRICT_OBJC_MSGSEND = YES;
				ENABLE_TESTABILITY = YES;
				GCC_C_LANGUAGE_STANDARD = gnu11;
				GCC_DYNAMIC_NO_PIC = NO;
				GCC_NO_COMMON_BLOCKS = YES;
				GCC_OPTIMIZATION_LEVEL = 0;
				GCC_PREPROCESSOR_DEFINITIONS = (
					"DEBUG=1",
					"$(inherited)",
				);
				GCC_WARN_64_TO_32_BIT_CONVERSION = YES;
				GCC_WARN_ABOUT_RETURN_TYPE = YES_ERROR;
				GCC_WARN_UNDECLARED_SELECTOR = YES;
				GCC_WARN_UNINITIALIZED_AUTOS = YES_AGGRESSIVE;
				GCC_WARN_UNUSED_FUNCTION = YES;
				GCC_WARN_UNUSED_VARIABLE = YES;
				IPHONEOS_DEPLOYMENT_TARGET = 15.0;
				MTL_ENABLE_DEBUG_INFO = INCLUDE_SOURCE;
				MTL_FAST_MATH = YES;
				ONLY_ACTIVE_ARCH = YES;
				SDKROOT = iphoneos;
				SWIFT_ACTIVE_COMPILATION_CONDITIONS = DEBUG;
				SWIFT_OPTIMIZATION_LEVEL = "-Onone";
			};
			name = Debug;
		};
		8F9B614328801DCF00C44E81 /* Release */ = {
			isa = XCBuildConfiguration;
			buildSettings = {
				ALWAYS_SEARCH_USER_PATHS = NO;
				CLANG_ANALYZER_NONNULL = YES;
				CLANG_ANALYZER_NUMBER_OBJECT_CONVERSION = YES_AGGRESSIVE;
				CLANG_CXX_LANGUAGE_STANDARD = "gnu++17";
				CLANG_ENABLE_MODULES = YES;
				CLANG_ENABLE_OBJC_ARC = YES;
				CLANG_ENABLE_OBJC_WEAK = YES;
				CLANG_WARN_BLOCK_CAPTURE_AUTORELEASING = YES;
				CLANG_WARN_BOOL_CONVERSION = YES;
				CLANG_WARN_COMMA = YES;
				CLANG_WARN_CONSTANT_CONVERSION = YES;
				CLANG_WARN_DEPRECATED_OBJC_IMPLEMENTATIONS = YES;
				CLANG_WARN_DIRECT_OBJC_ISA_USAGE = YES_ERROR;
				CLANG_WARN_DOCUMENTATION_COMMENTS = YES;
				CLANG_WARN_EMPTY_BODY = YES;
				CLANG_WARN_ENUM_CONVERSION = YES;
				CLANG_WARN_INFINITE_RECURSION = YES;
				CLANG_WARN_INT_CONVERSION = YES;
				CLANG_WARN_NON_LITERAL_NULL_CONVERSION = YES;
				CLANG_WARN_OBJC_IMPLICIT_RETAIN_SELF = YES;
				CLANG_WARN_OBJC_LITERAL_CONVERSION = YES;
				CLANG_WARN_OBJC_ROOT_CLASS = YES_ERROR;
				CLANG_WARN_QUOTED_INCLUDE_IN_FRAMEWORK_HEADER = YES;
				CLANG_WARN_RANGE_LOOP_ANALYSIS = YES;
				CLANG_WARN_STRICT_PROTOTYPES = YES;
				CLANG_WARN_SUSPICIOUS_MOVE = YES;
				CLANG_WARN_UNGUARDED_AVAILABILITY = YES_AGGRESSIVE;
				CLANG_WARN_UNREACHABLE_CODE = YES;
				CLANG_WARN__DUPLICATE_METHOD_MATCH = YES;
				COPY_PHASE_STRIP = NO;
				DEBUG_INFORMATION_FORMAT = "dwarf-with-dsym";
				ENABLE_NS_ASSERTIONS = NO;
				ENABLE_STRICT_OBJC_MSGSEND = YES;
				GCC_C_LANGUAGE_STANDARD = gnu11;
				GCC_NO_COMMON_BLOCKS = YES;
				GCC_WARN_64_TO_32_BIT_CONVERSION = YES;
				GCC_WARN_ABOUT_RETURN_TYPE = YES_ERROR;
				GCC_WARN_UNDECLARED_SELECTOR = YES;
				GCC_WARN_UNINITIALIZED_AUTOS = YES_AGGRESSIVE;
				GCC_WARN_UNUSED_FUNCTION = YES;
				GCC_WARN_UNUSED_VARIABLE = YES;
				IPHONEOS_DEPLOYMENT_TARGET = 15.0;
				MTL_ENABLE_DEBUG_INFO = NO;
				MTL_FAST_MATH = YES;
				SDKROOT = iphoneos;
				SWIFT_COMPILATION_MODE = wholemodule;
				SWIFT_OPTIMIZATION_LEVEL = "-O";
				VALIDATE_PRODUCT = YES;
			};
			name = Release;
		};
		8F9B614528801DCF00C44E81 /* Debug */ = {
			isa = XCBuildConfiguration;
			buildSettings = {
				ALWAYS_EMBED_SWIFT_STANDARD_LIBRARIES = YES;
				ASSETCATALOG_COMPILER_APPICON_NAME = AppIcon;
				ASSETCATALOG_COMPILER_GLOBAL_ACCENT_COLOR_NAME = AccentColor;
				CODE_SIGN_ENTITLEMENTS = nanotool/nanotool.entitlements;
				"CODE_SIGN_IDENTITY[sdk=macosx*]" = "-";
				CODE_SIGN_STYLE = Automatic;
				CURRENT_PROJECT_VERSION = 1;
				DEVELOPMENT_ASSET_PATHS = "\"nanotool/Preview Content\"";
				ENABLE_PREVIEWS = YES;
				GENERATE_INFOPLIST_FILE = YES;
				INFOPLIST_FILE = nanotool/Info.plist;
				INFOPLIST_KEY_CFBundleDisplayName = Nanotool;
				INFOPLIST_KEY_LSApplicationCategoryType = "public.app-category.utilities";
				INFOPLIST_KEY_UIApplicationSceneManifest_Generation = YES;
				INFOPLIST_KEY_UIApplicationSupportsIndirectInputEvents = YES;
				INFOPLIST_KEY_UILaunchScreen_Generation = YES;
				INFOPLIST_KEY_UISupportedInterfaceOrientations_iPad = "UIInterfaceOrientationPortrait UIInterfaceOrientationPortraitUpsideDown UIInterfaceOrientationLandscapeLeft UIInterfaceOrientationLandscapeRight";
				INFOPLIST_KEY_UISupportedInterfaceOrientations_iPhone = "UIInterfaceOrientationPortrait UIInterfaceOrientationLandscapeLeft UIInterfaceOrientationLandscapeRight";
				IPHONEOS_DEPLOYMENT_TARGET = 15.0;
				LD_RUNPATH_SEARCH_PATHS = (
					"$(inherited)",
					"@executable_path/Frameworks",
				);
				MARKETING_VERSION = 1.0;
				PRODUCT_BUNDLE_IDENTIFIER = cmd.nanotool;
				PRODUCT_NAME = "$(TARGET_NAME)";
				SUPPORTS_MACCATALYST = YES;
				SUPPORTS_MAC_DESIGNED_FOR_IPHONE_IPAD = YES;
				SWIFT_EMIT_LOC_STRINGS = YES;
				SWIFT_VERSION = 5.0;
				TARGETED_DEVICE_FAMILY = "1,2";
			};
			name = Debug;
		};
		8F9B614628801DCF00C44E81 /* Release */ = {
			isa = XCBuildConfiguration;
			buildSettings = {
				ALWAYS_EMBED_SWIFT_STANDARD_LIBRARIES = YES;
				ASSETCATALOG_COMPILER_APPICON_NAME = AppIcon;
				ASSETCATALOG_COMPILER_GLOBAL_ACCENT_COLOR_NAME = AccentColor;
				CODE_SIGN_ENTITLEMENTS = nanotool/nanotool.entitlements;
				"CODE_SIGN_IDENTITY[sdk=macosx*]" = "-";
				CODE_SIGN_STYLE = Automatic;
				CURRENT_PROJECT_VERSION = 1;
				DEVELOPMENT_ASSET_PATHS = "\"nanotool/Preview Content\"";
				ENABLE_PREVIEWS = YES;
				GENERATE_INFOPLIST_FILE = YES;
				INFOPLIST_FILE = nanotool/Info.plist;
				INFOPLIST_KEY_CFBundleDisplayName = Nanotool;
				INFOPLIST_KEY_LSApplicationCategoryType = "public.app-category.utilities";
				INFOPLIST_KEY_UIApplicationSceneManifest_Generation = YES;
				INFOPLIST_KEY_UIApplicationSupportsIndirectInputEvents = YES;
				INFOPLIST_KEY_UILaunchScreen_Generation = YES;
				INFOPLIST_KEY_UISupportedInterfaceOrientations_iPad = "UIInterfaceOrientationPortrait UIInterfaceOrientationPortraitUpsideDown UIInterfaceOrientationLandscapeLeft UIInterfaceOrientationLandscapeRight";
				INFOPLIST_KEY_UISupportedInterfaceOrientations_iPhone = "UIInterfaceOrientationPortrait UIInterfaceOrientationLandscapeLeft UIInterfaceOrientationLandscapeRight";
				IPHONEOS_DEPLOYMENT_TARGET = 15.0;
				LD_RUNPATH_SEARCH_PATHS = (
					"$(inherited)",
					"@executable_path/Frameworks",
				);
				MARKETING_VERSION = 1.0;
				PRODUCT_BUNDLE_IDENTIFIER = cmd.nanotool;
				PRODUCT_NAME = "$(TARGET_NAME)";
				SUPPORTS_MACCATALYST = YES;
				SUPPORTS_MAC_DESIGNED_FOR_IPHONE_IPAD = YES;
				SWIFT_EMIT_LOC_STRINGS = YES;
				SWIFT_VERSION = 5.0;
				TARGETED_DEVICE_FAMILY = "1,2";
			};
			name = Release;
		};
		8F9B617D28801ECE00C44E81 /* Debug */ = {
			isa = XCBuildConfiguration;
			buildSettings = {
				ASSETCATALOG_COMPILER_GLOBAL_ACCENT_COLOR_NAME = AccentColor;
				ASSETCATALOG_COMPILER_WIDGET_BACKGROUND_COLOR_NAME = WidgetBackground;
				CODE_SIGN_ENTITLEMENTS = ChartWidgetExtension.entitlements;
				"CODE_SIGN_IDENTITY[sdk=macosx*]" = "-";
				CODE_SIGN_STYLE = Automatic;
				CURRENT_PROJECT_VERSION = 1;
				GENERATE_INFOPLIST_FILE = YES;
				INFOPLIST_FILE = ChartWidget/Info.plist;
				INFOPLIST_KEY_CFBundleDisplayName = ChartWidget;
				INFOPLIST_KEY_NSHumanReadableCopyright = "";
				LD_RUNPATH_SEARCH_PATHS = (
					"$(inherited)",
					"@executable_path/Frameworks",
					"@executable_path/../../Frameworks",
				);
				MARKETING_VERSION = 1.0;
				PRODUCT_BUNDLE_IDENTIFIER = cmd.nanotool.ChartWidget;
				PRODUCT_NAME = "$(TARGET_NAME)";
				SKIP_INSTALL = YES;
				SUPPORTS_MACCATALYST = YES;
				SWIFT_EMIT_LOC_STRINGS = YES;
				SWIFT_VERSION = 5.0;
				TARGETED_DEVICE_FAMILY = "1,2";
			};
			name = Debug;
		};
		8F9B617E28801ECE00C44E81 /* Release */ = {
			isa = XCBuildConfiguration;
			buildSettings = {
				ASSETCATALOG_COMPILER_GLOBAL_ACCENT_COLOR_NAME = AccentColor;
				ASSETCATALOG_COMPILER_WIDGET_BACKGROUND_COLOR_NAME = WidgetBackground;
				CODE_SIGN_ENTITLEMENTS = ChartWidgetExtension.entitlements;
				"CODE_SIGN_IDENTITY[sdk=macosx*]" = "-";
				CODE_SIGN_STYLE = Automatic;
				CURRENT_PROJECT_VERSION = 1;
				GENERATE_INFOPLIST_FILE = YES;
				INFOPLIST_FILE = ChartWidget/Info.plist;
				INFOPLIST_KEY_CFBundleDisplayName = ChartWidget;
				INFOPLIST_KEY_NSHumanReadableCopyright = "";
				LD_RUNPATH_SEARCH_PATHS = (
					"$(inherited)",
					"@executable_path/Frameworks",
					"@executable_path/../../Frameworks",
				);
				MARKETING_VERSION = 1.0;
				PRODUCT_BUNDLE_IDENTIFIER = cmd.nanotool.ChartWidget;
				PRODUCT_NAME = "$(TARGET_NAME)";
				SKIP_INSTALL = YES;
				SUPPORTS_MACCATALYST = YES;
				SWIFT_EMIT_LOC_STRINGS = YES;
				SWIFT_VERSION = 5.0;
				TARGETED_DEVICE_FAMILY = "1,2";
			};
			name = Release;
		};
/* End XCBuildConfiguration section */

/* Begin XCConfigurationList section */
		8F9B613128801DCD00C44E81 /* Build configuration list for PBXProject "nanotool" */ = {
			isa = XCConfigurationList;
			buildConfigurations = (
				8F9B614228801DCF00C44E81 /* Debug */,
				8F9B614328801DCF00C44E81 /* Release */,
			);
			defaultConfigurationIsVisible = 0;
			defaultConfigurationName = Release;
		};
		8F9B614428801DCF00C44E81 /* Build configuration list for PBXNativeTarget "nanotool" */ = {
			isa = XCConfigurationList;
			buildConfigurations = (
				8F9B614528801DCF00C44E81 /* Debug */,
				8F9B614628801DCF00C44E81 /* Release */,
			);
			defaultConfigurationIsVisible = 0;
			defaultConfigurationName = Release;
		};
		8F9B617C28801ECE00C44E81 /* Build configuration list for PBXNativeTarget "ChartWidgetExtension" */ = {
			isa = XCConfigurationList;
			buildConfigurations = (
				8F9B617D28801ECE00C44E81 /* Debug */,
				8F9B617E28801ECE00C44E81 /* Release */,
			);
			defaultConfigurationIsVisible = 0;
			defaultConfigurationName = Release;
		};
/* End XCConfigurationList section */
	};
	rootObject = 8F9B612E28801DCD00C44E81 /* Project object */;
}
